// !$*UTF8*$!
{
	archiveVersion = 1;
	classes = {
	};
	objectVersion = 46;
	objects = {

/* Begin PBXBuildFile section */
		27DA777C19672452005FFA76 /* AppDelegate.swift in Sources */ = {isa = PBXBuildFile; fileRef = 27DA777B19672452005FFA76 /* AppDelegate.swift */; };
		27DA777E19672452005FFA76 /* MasterViewController.swift in Sources */ = {isa = PBXBuildFile; fileRef = 27DA777D19672452005FFA76 /* MasterViewController.swift */; };
		27DA778019672452005FFA76 /* DetailViewController.swift in Sources */ = {isa = PBXBuildFile; fileRef = 27DA777F19672452005FFA76 /* DetailViewController.swift */; };
		27DA778319672452005FFA76 /* Main.storyboard in Resources */ = {isa = PBXBuildFile; fileRef = 27DA778119672452005FFA76 /* Main.storyboard */; };
		27DA778519672452005FFA76 /* Images.xcassets in Resources */ = {isa = PBXBuildFile; fileRef = 27DA778419672452005FFA76 /* Images.xcassets */; };
		27DA779119672452005FFA76 /* BabiFu_dTests.swift in Sources */ = {isa = PBXBuildFile; fileRef = 27DA779019672452005FFA76 /* BabiFu_dTests.swift */; };
		27DA779B1967249B005FFA76 /* Model.swift in Sources */ = {isa = PBXBuildFile; fileRef = 27DA779A1967249B005FFA76 /* Model.swift */; };
		27DA779D196724C6005FFA76 /* Establishment.swift in Sources */ = {isa = PBXBuildFile; fileRef = 27DA779C196724C6005FFA76 /* Establishment.swift */; };
		27DA779F196746E2005FFA76 /* SettingsViewController.swift in Sources */ = {isa = PBXBuildFile; fileRef = 27DA779E196746E2005FFA76 /* SettingsViewController.swift */; };
		27DA77A1196756D9005FFA76 /* UserInfo.swift in Sources */ = {isa = PBXBuildFile; fileRef = 27DA77A0196756D9005FFA76 /* UserInfo.swift */; };
/* End PBXBuildFile section */

/* Begin PBXContainerItemProxy section */
		27DA778B19672452005FFA76 /* PBXContainerItemProxy */ = {
			isa = PBXContainerItemProxy;
			containerPortal = 27DA776E19672452005FFA76 /* Project object */;
			proxyType = 1;
			remoteGlobalIDString = 27DA777519672452005FFA76;
			remoteInfo = "BabiFüd";
		};
/* End PBXContainerItemProxy section */

/* Begin PBXFileReference section */
		27DA777619672452005FFA76 /* BabiFüd.app */ = {isa = PBXFileReference; explicitFileType = wrapper.application; includeInIndex = 0; path = "BabiFüd.app"; sourceTree = BUILT_PRODUCTS_DIR; };
		27DA777A19672452005FFA76 /* Info.plist */ = {isa = PBXFileReference; lastKnownFileType = text.plist.xml; path = Info.plist; sourceTree = "<group>"; };
		27DA777B19672452005FFA76 /* AppDelegate.swift */ = {isa = PBXFileReference; lastKnownFileType = sourcecode.swift; path = AppDelegate.swift; sourceTree = "<group>"; };
		27DA777D19672452005FFA76 /* MasterViewController.swift */ = {isa = PBXFileReference; lastKnownFileType = sourcecode.swift; path = MasterViewController.swift; sourceTree = "<group>"; };
		27DA777F19672452005FFA76 /* DetailViewController.swift */ = {isa = PBXFileReference; lastKnownFileType = sourcecode.swift; path = DetailViewController.swift; sourceTree = "<group>"; };
		27DA778219672452005FFA76 /* Base */ = {isa = PBXFileReference; lastKnownFileType = file.storyboard; name = Base; path = Base.lproj/Main.storyboard; sourceTree = "<group>"; };
		27DA778419672452005FFA76 /* Images.xcassets */ = {isa = PBXFileReference; lastKnownFileType = folder.assetcatalog; path = Images.xcassets; sourceTree = "<group>"; };
		27DA778A19672452005FFA76 /* BabiFüdTests.xctest */ = {isa = PBXFileReference; explicitFileType = wrapper.cfbundle; includeInIndex = 0; path = "BabiFüdTests.xctest"; sourceTree = BUILT_PRODUCTS_DIR; };
		27DA778F19672452005FFA76 /* Info.plist */ = {isa = PBXFileReference; lastKnownFileType = text.plist.xml; path = Info.plist; sourceTree = "<group>"; };
		27DA779019672452005FFA76 /* BabiFu_dTests.swift */ = {isa = PBXFileReference; lastKnownFileType = sourcecode.swift; path = BabiFu_dTests.swift; sourceTree = "<group>"; };
		27DA779A1967249B005FFA76 /* Model.swift */ = {isa = PBXFileReference; fileEncoding = 4; lastKnownFileType = sourcecode.swift; path = Model.swift; sourceTree = "<group>"; };
		27DA779C196724C6005FFA76 /* Establishment.swift */ = {isa = PBXFileReference; fileEncoding = 4; lastKnownFileType = sourcecode.swift; path = Establishment.swift; sourceTree = "<group>"; };
		27DA779E196746E2005FFA76 /* SettingsViewController.swift */ = {isa = PBXFileReference; fileEncoding = 4; lastKnownFileType = sourcecode.swift; path = SettingsViewController.swift; sourceTree = "<group>"; };
		27DA77A0196756D9005FFA76 /* UserInfo.swift */ = {isa = PBXFileReference; fileEncoding = 4; lastKnownFileType = sourcecode.swift; path = UserInfo.swift; sourceTree = "<group>"; };
/* End PBXFileReference section */

/* Begin PBXFrameworksBuildPhase section */
		27DA777319672452005FFA76 /* Frameworks */ = {
			isa = PBXFrameworksBuildPhase;
			buildActionMask = 2147483647;
			files = (
			);
			runOnlyForDeploymentPostprocessing = 0;
		};
		27DA778719672452005FFA76 /* Frameworks */ = {
			isa = PBXFrameworksBuildPhase;
			buildActionMask = 2147483647;
			files = (
			);
			runOnlyForDeploymentPostprocessing = 0;
		};
/* End PBXFrameworksBuildPhase section */

/* Begin PBXGroup section */
		27DA776D19672452005FFA76 = {
			isa = PBXGroup;
			children = (
				27DA777819672452005FFA76 /* BabiFüd */,
				27DA778D19672452005FFA76 /* BabiFüdTests */,
				27DA777719672452005FFA76 /* Products */,
			);
			sourceTree = "<group>";
		};
		27DA777719672452005FFA76 /* Products */ = {
			isa = PBXGroup;
			children = (
				27DA777619672452005FFA76 /* BabiFüd.app */,
				27DA778A19672452005FFA76 /* BabiFüdTests.xctest */,
			);
			name = Products;
			sourceTree = "<group>";
		};
		27DA777819672452005FFA76 /* BabiFüd */ = {
			isa = PBXGroup;
			children = (
				27DA777B19672452005FFA76 /* AppDelegate.swift */,
				27DA777D19672452005FFA76 /* MasterViewController.swift */,
				27DA777F19672452005FFA76 /* DetailViewController.swift */,
				27DA779E196746E2005FFA76 /* SettingsViewController.swift */,
				27DA779A1967249B005FFA76 /* Model.swift */,
				27DA779C196724C6005FFA76 /* Establishment.swift */,
				27DA77A0196756D9005FFA76 /* UserInfo.swift */,
				27DA778119672452005FFA76 /* Main.storyboard */,
				27DA778419672452005FFA76 /* Images.xcassets */,
				27DA777919672452005FFA76 /* Supporting Files */,
			);
			path = "BabiFüd";
			sourceTree = "<group>";
		};
		27DA777919672452005FFA76 /* Supporting Files */ = {
			isa = PBXGroup;
			children = (
				27DA777A19672452005FFA76 /* Info.plist */,
			);
			name = "Supporting Files";
			sourceTree = "<group>";
		};
		27DA778D19672452005FFA76 /* BabiFüdTests */ = {
			isa = PBXGroup;
			children = (
				27DA779019672452005FFA76 /* BabiFu_dTests.swift */,
				27DA778E19672452005FFA76 /* Supporting Files */,
			);
			path = "BabiFüdTests";
			sourceTree = "<group>";
		};
		27DA778E19672452005FFA76 /* Supporting Files */ = {
			isa = PBXGroup;
			children = (
				27DA778F19672452005FFA76 /* Info.plist */,
			);
			name = "Supporting Files";
			sourceTree = "<group>";
		};
/* End PBXGroup section */

/* Begin PBXNativeTarget section */
		27DA777519672452005FFA76 /* BabiFüd */ = {
			isa = PBXNativeTarget;
			buildConfigurationList = 27DA779419672452005FFA76 /* Build configuration list for PBXNativeTarget "BabiFüd" */;
			buildPhases = (
				27DA777219672452005FFA76 /* Sources */,
				27DA777319672452005FFA76 /* Frameworks */,
				27DA777419672452005FFA76 /* Resources */,
			);
			buildRules = (
			);
			dependencies = (
			);
			name = "BabiFüd";
			productName = "BabiFüd";
			productReference = 27DA777619672452005FFA76 /* BabiFüd.app */;
			productType = "com.apple.product-type.application";
		};
		27DA778919672452005FFA76 /* BabiFüdTests */ = {
			isa = PBXNativeTarget;
			buildConfigurationList = 27DA779719672452005FFA76 /* Build configuration list for PBXNativeTarget "BabiFüdTests" */;
			buildPhases = (
				27DA778619672452005FFA76 /* Sources */,
				27DA778719672452005FFA76 /* Frameworks */,
				27DA778819672452005FFA76 /* Resources */,
			);
			buildRules = (
			);
			dependencies = (
				27DA778C19672452005FFA76 /* PBXTargetDependency */,
			);
			name = "BabiFüdTests";
			productName = "BabiFüdTests";
			productReference = 27DA778A19672452005FFA76 /* BabiFüdTests.xctest */;
			productType = "com.apple.product-type.bundle.unit-test";
		};
/* End PBXNativeTarget section */

/* Begin PBXProject section */
		27DA776E19672452005FFA76 /* Project object */ = {
			isa = PBXProject;
			attributes = {
				LastUpgradeCheck = 0600;
				ORGANIZATIONNAME = raywenderlich;
				TargetAttributes = {
					27DA777519672452005FFA76 = {
						CreatedOnToolsVersion = 6.0;
					};
					27DA778919672452005FFA76 = {
						CreatedOnToolsVersion = 6.0;
						TestTargetID = 27DA777519672452005FFA76;
					};
				};
			};
			buildConfigurationList = 27DA777119672452005FFA76 /* Build configuration list for PBXProject "BabiFüd" */;
			compatibilityVersion = "Xcode 3.2";
			developmentRegion = English;
			hasScannedForEncodings = 0;
			knownRegions = (
				en,
				Base,
			);
			mainGroup = 27DA776D19672452005FFA76;
			productRefGroup = 27DA777719672452005FFA76 /* Products */;
			projectDirPath = "";
			projectRoot = "";
			targets = (
				27DA777519672452005FFA76 /* BabiFüd */,
				27DA778919672452005FFA76 /* BabiFüdTests */,
			);
		};
/* End PBXProject section */

/* Begin PBXResourcesBuildPhase section */
		27DA777419672452005FFA76 /* Resources */ = {
			isa = PBXResourcesBuildPhase;
			buildActionMask = 2147483647;
			files = (
				27DA778319672452005FFA76 /* Main.storyboard in Resources */,
				27DA778519672452005FFA76 /* Images.xcassets in Resources */,
			);
			runOnlyForDeploymentPostprocessing = 0;
		};
		27DA778819672452005FFA76 /* Resources */ = {
			isa = PBXResourcesBuildPhase;
			buildActionMask = 2147483647;
			files = (
			);
			runOnlyForDeploymentPostprocessing = 0;
		};
/* End PBXResourcesBuildPhase section */

/* Begin PBXSourcesBuildPhase section */
		27DA777219672452005FFA76 /* Sources */ = {
			isa = PBXSourcesBuildPhase;
			buildActionMask = 2147483647;
			files = (
				27DA779D196724C6005FFA76 /* Establishment.swift in Sources */,
				27DA778019672452005FFA76 /* DetailViewController.swift in Sources */,
				27DA777E19672452005FFA76 /* MasterViewController.swift in Sources */,
				27DA777C19672452005FFA76 /* AppDelegate.swift in Sources */,
				27DA779B1967249B005FFA76 /* Model.swift in Sources */,
				27DA77A1196756D9005FFA76 /* UserInfo.swift in Sources */,
				27DA779F196746E2005FFA76 /* SettingsViewController.swift in Sources */,
			);
			runOnlyForDeploymentPostprocessing = 0;
		};
		27DA778619672452005FFA76 /* Sources */ = {
			isa = PBXSourcesBuildPhase;
			buildActionMask = 2147483647;
			files = (
				27DA779119672452005FFA76 /* BabiFu_dTests.swift in Sources */,
			);
			runOnlyForDeploymentPostprocessing = 0;
		};
/* End PBXSourcesBuildPhase section */

/* Begin PBXTargetDependency section */
		27DA778C19672452005FFA76 /* PBXTargetDependency */ = {
			isa = PBXTargetDependency;
			target = 27DA777519672452005FFA76 /* BabiFüd */;
			targetProxy = 27DA778B19672452005FFA76 /* PBXContainerItemProxy */;
		};
/* End PBXTargetDependency section */

/* Begin PBXVariantGroup section */
		27DA778119672452005FFA76 /* Main.storyboard */ = {
			isa = PBXVariantGroup;
			children = (
				27DA778219672452005FFA76 /* Base */,
			);
			name = Main.storyboard;
			sourceTree = "<group>";
		};
/* End PBXVariantGroup section */

/* Begin XCBuildConfiguration section */
		27DA779219672452005FFA76 /* Debug */ = {
			isa = XCBuildConfiguration;
			buildSettings = {
				ALWAYS_SEARCH_USER_PATHS = NO;
				CLANG_CXX_LANGUAGE_STANDARD = "gnu++0x";
				CLANG_CXX_LIBRARY = "libc++";
				CLANG_ENABLE_MODULES = YES;
				CLANG_ENABLE_OBJC_ARC = YES;
				CLANG_WARN_BOOL_CONVERSION = YES;
				CLANG_WARN_CONSTANT_CONVERSION = YES;
				CLANG_WARN_DIRECT_OBJC_ISA_USAGE = YES_ERROR;
				CLANG_WARN_EMPTY_BODY = YES;
				CLANG_WARN_ENUM_CONVERSION = YES;
				CLANG_WARN_INT_CONVERSION = YES;
				CLANG_WARN_OBJC_ROOT_CLASS = YES_ERROR;
				CLANG_WARN_UNREACHABLE_CODE = YES;
				CLANG_WARN__DUPLICATE_METHOD_MATCH = YES;
				"CODE_SIGN_IDENTITY[sdk=iphoneos*]" = "iPhone Developer";
				COPY_PHASE_STRIP = NO;
				ENABLE_STRICT_OBJC_MSGSEND = YES;
				GCC_C_LANGUAGE_STANDARD = gnu99;
				GCC_DYNAMIC_NO_PIC = NO;
				GCC_OPTIMIZATION_LEVEL = 0;
				GCC_PREPROCESSOR_DEFINITIONS = (
					"DEBUG=1",
					"$(inherited)",
				);
				GCC_SYMBOLS_PRIVATE_EXTERN = NO;
				GCC_WARN_64_TO_32_BIT_CONVERSION = YES;
				GCC_WARN_ABOUT_RETURN_TYPE = YES_ERROR;
				GCC_WARN_UNDECLARED_SELECTOR = YES;
				GCC_WARN_UNINITIALIZED_AUTOS = YES_AGGRESSIVE;
				GCC_WARN_UNUSED_FUNCTION = YES;
				GCC_WARN_UNUSED_VARIABLE = YES;
				IPHONEOS_DEPLOYMENT_TARGET = 8.0;
				METAL_ENABLE_DEBUG_INFO = YES;
				ONLY_ACTIVE_ARCH = YES;
				SDKROOT = iphoneos;
				SWIFT_OPTIMIZATION_LEVEL = "-Onone";
				TARGETED_DEVICE_FAMILY = "1,2";
			};
			name = Debug;
		};
		27DA779319672452005FFA76 /* Release */ = {
			isa = XCBuildConfiguration;
			buildSettings = {
				ALWAYS_SEARCH_USER_PATHS = NO;
				CLANG_CXX_LANGUAGE_STANDARD = "gnu++0x";
				CLANG_CXX_LIBRARY = "libc++";
				CLANG_ENABLE_MODULES = YES;
				CLANG_ENABLE_OBJC_ARC = YES;
				CLANG_WARN_BOOL_CONVERSION = YES;
				CLANG_WARN_CONSTANT_CONVERSION = YES;
				CLANG_WARN_DIRECT_OBJC_ISA_USAGE = YES_ERROR;
				CLANG_WARN_EMPTY_BODY = YES;
				CLANG_WARN_ENUM_CONVERSION = YES;
				CLANG_WARN_INT_CONVERSION = YES;
				CLANG_WARN_OBJC_ROOT_CLASS = YES_ERROR;
				CLANG_WARN_UNREACHABLE_CODE = YES;
				CLANG_WARN__DUPLICATE_METHOD_MATCH = YES;
				"CODE_SIGN_IDENTITY[sdk=iphoneos*]" = "iPhone Developer";
				COPY_PHASE_STRIP = YES;
				ENABLE_NS_ASSERTIONS = NO;
				ENABLE_STRICT_OBJC_MSGSEND = YES;
				GCC_C_LANGUAGE_STANDARD = gnu99;
				GCC_WARN_64_TO_32_BIT_CONVERSION = YES;
				GCC_WARN_ABOUT_RETURN_TYPE = YES_ERROR;
				GCC_WARN_UNDECLARED_SELECTOR = YES;
				GCC_WARN_UNINITIALIZED_AUTOS = YES_AGGRESSIVE;
				GCC_WARN_UNUSED_FUNCTION = YES;
				GCC_WARN_UNUSED_VARIABLE = YES;
				IPHONEOS_DEPLOYMENT_TARGET = 8.0;
				METAL_ENABLE_DEBUG_INFO = NO;
				SDKROOT = iphoneos;
				TARGETED_DEVICE_FAMILY = "1,2";
				VALIDATE_PRODUCT = YES;
			};
			name = Release;
		};
		27DA779519672452005FFA76 /* Debug */ = {
			isa = XCBuildConfiguration;
			buildSettings = {
				ASSETCATALOG_COMPILER_APPICON_NAME = AppIcon;
				ASSETCATALOG_COMPILER_LAUNCHIMAGE_NAME = LaunchImage;
				INFOPLIST_FILE = "BabiFüd/Info.plist";
				LD_RUNPATH_SEARCH_PATHS = "$(inherited) @executable_path/Frameworks";
				PRODUCT_NAME = "$(TARGET_NAME)";
			};
			name = Debug;
		};
		27DA779619672452005FFA76 /* Release */ = {
			isa = XCBuildConfiguration;
			buildSettings = {
				ASSETCATALOG_COMPILER_APPICON_NAME = AppIcon;
				ASSETCATALOG_COMPILER_LAUNCHIMAGE_NAME = LaunchImage;
				INFOPLIST_FILE = "BabiFüd/Info.plist";
				LD_RUNPATH_SEARCH_PATHS = "$(inherited) @executable_path/Frameworks";
				PRODUCT_NAME = "$(TARGET_NAME)";
			};
			name = Release;
		};
		27DA779819672452005FFA76 /* Debug */ = {
			isa = XCBuildConfiguration;
			buildSettings = {
				BUNDLE_LOADER = "$(BUILT_PRODUCTS_DIR)/BabiFüd.app/BabiFüd";
				FRAMEWORK_SEARCH_PATHS = (
					"$(SDKROOT)/Developer/Library/Frameworks",
					"$(inherited)",
				);
				GCC_PREPROCESSOR_DEFINITIONS = (
					"DEBUG=1",
					"$(inherited)",
				);
				INFOPLIST_FILE = "BabiFüdTests/Info.plist";
				LD_RUNPATH_SEARCH_PATHS = "$(inherited) @executable_path/Frameworks @loader_path/Frameworks";
				METAL_ENABLE_DEBUG_INFO = YES;
				PRODUCT_NAME = "$(TARGET_NAME)";
				TEST_HOST = "$(BUNDLE_LOADER)";
			};
			name = Debug;
		};
		27DA779919672452005FFA76 /* Release */ = {
			isa = XCBuildConfiguration;
			buildSettings = {
				BUNDLE_LOADER = "$(BUILT_PRODUCTS_DIR)/BabiFüd.app/BabiFüd";
				FRAMEWORK_SEARCH_PATHS = (
					"$(SDKROOT)/Developer/Library/Frameworks",
					"$(inherited)",
				);
				INFOPLIST_FILE = "BabiFüdTests/Info.plist";
				LD_RUNPATH_SEARCH_PATHS = "$(inherited) @executable_path/Frameworks @loader_path/Frameworks";
				METAL_ENABLE_DEBUG_INFO = NO;
				PRODUCT_NAME = "$(TARGET_NAME)";
				TEST_HOST = "$(BUNDLE_LOADER)";
			};
			name = Release;
		};
/* End XCBuildConfiguration section */

/* Begin XCConfigurationList section */
		27DA777119672452005FFA76 /* Build configuration list for PBXProject "BabiFüd" */ = {
			isa = XCConfigurationList;
			buildConfigurations = (
				27DA779219672452005FFA76 /* Debug */,
				27DA779319672452005FFA76 /* Release */,
			);
			defaultConfigurationIsVisible = 0;
			defaultConfigurationName = Release;
		};
		27DA779419672452005FFA76 /* Build configuration list for PBXNativeTarget "BabiFüd" */ = {
			isa = XCConfigurationList;
			buildConfigurations = (
				27DA779519672452005FFA76 /* Debug */,
				27DA779619672452005FFA76 /* Release */,
			);
			defaultConfigurationIsVisible = 0;
		};
		27DA779719672452005FFA76 /* Build configuration list for PBXNativeTarget "BabiFüdTests" */ = {
			isa = XCConfigurationList;
			buildConfigurations = (
				27DA779819672452005FFA76 /* Debug */,
				27DA779919672452005FFA76 /* Release */,
			);
			defaultConfigurationIsVisible = 0;
		};
/* End XCConfigurationList section */
	};
	rootObject = 27DA776E19672452005FFA76 /* Project object */;
}
